
Microsoft Visual Studio Solution File, Format Version 12.00
# Visual Studio Version 17
VisualStudioVersion = 17.0.31903.59
MinimumVisualStudioVersion = 10.0.40219.1
Project("{2150E333-8FDC-42A3-9474-1A3956D46DE8}") = "src", "src", "{827E0CD3-B72D-47B6-A68D-7590B98EB39B}"
EndProject
Project("{2150E333-8FDC-42A3-9474-1A3956D46DE8}") = "Core", "Core", "{8D626EA8-CB54-BC41-363A-217881BEBA6E}"
EndProject
Project("{FAE04EC0-301F-11D3-BF4B-00C04F79EFBC}") = "Lucent.Core", "src\Core\Lucent.Core.csproj", "{FC8563C6-A392-4A23-947F-79E25B0175EB}"
EndProject
Project("{2150E333-8FDC-42A3-9474-1A3956D46DE8}") = "Api", "Api", "{81034408-37C8-1011-444E-4C15C2FADA8E}"
EndProject
Project("{FAE04EC0-301F-11D3-BF4B-00C04F79EFBC}") = "Lucent.Api", "src\Api\Lucent.Api.csproj", "{3324A476-0AE5-498E-8489-2331F6319101}"
EndProject
Project("{2150E333-8FDC-42A3-9474-1A3956D46DE8}") = "Loader", "Loader", "{88D7FA4C-11BE-B782-9860-29F7C67ECDA5}"
EndProject
Project("{FAE04EC0-301F-11D3-BF4B-00C04F79EFBC}") = "Lucent.Loader", "src\Loader\Lucent.Loader.csproj", "{89039A78-DF5B-4AB2-B023-0CB9B56FE3F0}"
EndProject
Project("{2150E333-8FDC-42A3-9474-1A3956D46DE8}") = "Onboard", "Onboard", "{711E6EE6-2ECB-B21E-B728-86211BA52EDE}"
EndProject
Project("{FAE04EC0-301F-11D3-BF4B-00C04F79EFBC}") = "Lucent.Onboard", "src\Onboard\Lucent.Onboard.csproj", "{62178FB7-242B-492A-88E0-138652E0CE85}"
EndProject
Project("{2150E333-8FDC-42A3-9474-1A3956D46DE8}") = "Runner", "Runner", "{D3F2662E-07FC-2B44-1F3B-19ABF00FAB83}"
EndProject
Project("{FAE04EC0-301F-11D3-BF4B-00C04F79EFBC}") = "Lucent.Runner", "src\Runner\Lucent.Runner.csproj", "{B904B6AD-8338-4009-8332-A64724F24ED6}"
EndProject
Project("{2150E333-8FDC-42A3-9474-1A3956D46DE8}") = "Scheduler", "Scheduler", "{30E6998C-1D9F-505D-AD65-6F350EB4ECCB}"
EndProject
Project("{FAE04EC0-301F-11D3-BF4B-00C04F79EFBC}") = "Lucent.Scheduler", "src\Scheduler\Lucent.Scheduler.csproj", "{BA88BAE1-4009-434A-BD02-55B132716876}"
EndProject
Project("{2150E333-8FDC-42A3-9474-1A3956D46DE8}") = "Infrastructure", "Infrastructure", "{9048EB7F-3875-A59E-E36B-5BD4C6F2A282}"
EndProject
Project("{2150E333-8FDC-42A3-9474-1A3956D46DE8}") = "tests", "tests", "{0AB3BF05-4346-4AA6-1389-037BE0695223}"
EndProject
Project("{2150E333-8FDC-42A3-9474-1A3956D46DE8}") = "Unit", "Unit", "{9D556B49-86D1-93A7-9596-FFAAB74EC556}"
EndProject
Project("{FAE04EC0-301F-11D3-BF4B-00C04F79EFBC}") = "Lucent.UnitTests", "tests\Unit\Lucent.UnitTests.csproj", "{4F007A97-3C0D-455B-A74B-342A600E0E2C}"
EndProject
Project("{FAE04EC0-301F-11D3-BF4B-00C04F79EFBC}") = "Lucent.Infrastructure", "src\Infrastructure\Lucent.Infrastructure.csproj", "{C39ECE02-45C2-097D-C105-260565F0661F}"
EndProject
Project("{2150E333-8FDC-42A3-9474-1A3956D46DE8}") = "Solution Items", "Solution Items", "{8EC462FD-D22E-90A8-E5CE-7E832BA40C5D}"
	ProjectSection(SolutionItems) = preProject
		.gitignore = .gitignore
		Directory.Packages.props = Directory.Packages.props
	EndProjectSection
EndProject

Global
	GlobalSection(SolutionConfigurationPlatforms) = preSolution
		Debug|Any CPU = Debug|Any CPU
		Debug|x64 = Debug|x64
		Debug|x86 = Debug|x86
		Release|Any CPU = Release|Any CPU
		Release|x64 = Release|x64
		Release|x86 = Release|x86
	EndGlobalSection
	GlobalSection(ProjectConfigurationPlatforms) = postSolution
		{FC8563C6-A392-4A23-947F-79E25B0175EB}.Debug|Any CPU.ActiveCfg = Debug|Any CPU
		{FC8563C6-A392-4A23-947F-79E25B0175EB}.Debug|Any CPU.Build.0 = Debug|Any CPU
		{FC8563C6-A392-4A23-947F-79E25B0175EB}.Debug|x64.ActiveCfg = Debug|Any CPU
		{FC8563C6-A392-4A23-947F-79E25B0175EB}.Debug|x64.Build.0 = Debug|Any CPU
		{FC8563C6-A392-4A23-947F-79E25B0175EB}.Debug|x86.ActiveCfg = Debug|Any CPU
		{FC8563C6-A392-4A23-947F-79E25B0175EB}.Debug|x86.Build.0 = Debug|Any CPU
		{FC8563C6-A392-4A23-947F-79E25B0175EB}.Release|Any CPU.ActiveCfg = Release|Any CPU
		{FC8563C6-A392-4A23-947F-79E25B0175EB}.Release|Any CPU.Build.0 = Release|Any CPU
		{FC8563C6-A392-4A23-947F-79E25B0175EB}.Release|x64.ActiveCfg = Release|Any CPU
		{FC8563C6-A392-4A23-947F-79E25B0175EB}.Release|x64.Build.0 = Release|Any CPU
		{FC8563C6-A392-4A23-947F-79E25B0175EB}.Release|x86.ActiveCfg = Release|Any CPU
		{FC8563C6-A392-4A23-947F-79E25B0175EB}.Release|x86.Build.0 = Release|Any CPU
		{3324A476-0AE5-498E-8489-2331F6319101}.Debug|Any CPU.ActiveCfg = Debug|Any CPU
		{3324A476-0AE5-498E-8489-2331F6319101}.Debug|Any CPU.Build.0 = Debug|Any CPU
		{3324A476-0AE5-498E-8489-2331F6319101}.Debug|x64.ActiveCfg = Debug|Any CPU
		{3324A476-0AE5-498E-8489-2331F6319101}.Debug|x64.Build.0 = Debug|Any CPU
		{3324A476-0AE5-498E-8489-2331F6319101}.Debug|x86.ActiveCfg = Debug|Any CPU
		{3324A476-0AE5-498E-8489-2331F6319101}.Debug|x86.Build.0 = Debug|Any CPU
		{3324A476-0AE5-498E-8489-2331F6319101}.Release|Any CPU.ActiveCfg = Release|Any CPU
		{3324A476-0AE5-498E-8489-2331F6319101}.Release|Any CPU.Build.0 = Release|Any CPU
		{3324A476-0AE5-498E-8489-2331F6319101}.Release|x64.ActiveCfg = Release|Any CPU
		{3324A476-0AE5-498E-8489-2331F6319101}.Release|x64.Build.0 = Release|Any CPU
		{3324A476-0AE5-498E-8489-2331F6319101}.Release|x86.ActiveCfg = Release|Any CPU
		{3324A476-0AE5-498E-8489-2331F6319101}.Release|x86.Build.0 = Release|Any CPU
		{89039A78-DF5B-4AB2-B023-0CB9B56FE3F0}.Debug|Any CPU.ActiveCfg = Debug|Any CPU
		{89039A78-DF5B-4AB2-B023-0CB9B56FE3F0}.Debug|Any CPU.Build.0 = Debug|Any CPU
		{89039A78-DF5B-4AB2-B023-0CB9B56FE3F0}.Debug|x64.ActiveCfg = Debug|Any CPU
		{89039A78-DF5B-4AB2-B023-0CB9B56FE3F0}.Debug|x64.Build.0 = Debug|Any CPU
		{89039A78-DF5B-4AB2-B023-0CB9B56FE3F0}.Debug|x86.ActiveCfg = Debug|Any CPU
		{89039A78-DF5B-4AB2-B023-0CB9B56FE3F0}.Debug|x86.Build.0 = Debug|Any CPU
		{89039A78-DF5B-4AB2-B023-0CB9B56FE3F0}.Release|Any CPU.ActiveCfg = Release|Any CPU
		{89039A78-DF5B-4AB2-B023-0CB9B56FE3F0}.Release|Any CPU.Build.0 = Release|Any CPU
		{89039A78-DF5B-4AB2-B023-0CB9B56FE3F0}.Release|x64.ActiveCfg = Release|Any CPU
		{89039A78-DF5B-4AB2-B023-0CB9B56FE3F0}.Release|x64.Build.0 = Release|Any CPU
		{89039A78-DF5B-4AB2-B023-0CB9B56FE3F0}.Release|x86.ActiveCfg = Release|Any CPU
		{89039A78-DF5B-4AB2-B023-0CB9B56FE3F0}.Release|x86.Build.0 = Release|Any CPU
		{62178FB7-242B-492A-88E0-138652E0CE85}.Debug|Any CPU.ActiveCfg = Debug|Any CPU
		{62178FB7-242B-492A-88E0-138652E0CE85}.Debug|Any CPU.Build.0 = Debug|Any CPU
		{62178FB7-242B-492A-88E0-138652E0CE85}.Debug|x64.ActiveCfg = Debug|Any CPU
		{62178FB7-242B-492A-88E0-138652E0CE85}.Debug|x64.Build.0 = Debug|Any CPU
		{62178FB7-242B-492A-88E0-138652E0CE85}.Debug|x86.ActiveCfg = Debug|Any CPU
		{62178FB7-242B-492A-88E0-138652E0CE85}.Debug|x86.Build.0 = Debug|Any CPU
		{62178FB7-242B-492A-88E0-138652E0CE85}.Release|Any CPU.ActiveCfg = Release|Any CPU
		{62178FB7-242B-492A-88E0-138652E0CE85}.Release|Any CPU.Build.0 = Release|Any CPU
		{62178FB7-242B-492A-88E0-138652E0CE85}.Release|x64.ActiveCfg = Release|Any CPU
		{62178FB7-242B-492A-88E0-138652E0CE85}.Release|x64.Build.0 = Release|Any CPU
		{62178FB7-242B-492A-88E0-138652E0CE85}.Release|x86.ActiveCfg = Release|Any CPU
		{62178FB7-242B-492A-88E0-138652E0CE85}.Release|x86.Build.0 = Release|Any CPU
		{B904B6AD-8338-4009-8332-A64724F24ED6}.Debug|Any CPU.ActiveCfg = Debug|Any CPU
		{B904B6AD-8338-4009-8332-A64724F24ED6}.Debug|Any CPU.Build.0 = Debug|Any CPU
		{B904B6AD-8338-4009-8332-A64724F24ED6}.Debug|x64.ActiveCfg = Debug|Any CPU
		{B904B6AD-8338-4009-8332-A64724F24ED6}.Debug|x64.Build.0 = Debug|Any CPU
		{B904B6AD-8338-4009-8332-A64724F24ED6}.Debug|x86.ActiveCfg = Debug|Any CPU
		{B904B6AD-8338-4009-8332-A64724F24ED6}.Debug|x86.Build.0 = Debug|Any CPU
		{B904B6AD-8338-4009-8332-A64724F24ED6}.Release|Any CPU.ActiveCfg = Release|Any CPU
		{B904B6AD-8338-4009-8332-A64724F24ED6}.Release|Any CPU.Build.0 = Release|Any CPU
		{B904B6AD-8338-4009-8332-A64724F24ED6}.Release|x64.ActiveCfg = Release|Any CPU
		{B904B6AD-8338-4009-8332-A64724F24ED6}.Release|x64.Build.0 = Release|Any CPU
		{B904B6AD-8338-4009-8332-A64724F24ED6}.Release|x86.ActiveCfg = Release|Any CPU
		{B904B6AD-8338-4009-8332-A64724F24ED6}.Release|x86.Build.0 = Release|Any CPU
		{BA88BAE1-4009-434A-BD02-55B132716876}.Debug|Any CPU.ActiveCfg = Debug|Any CPU
		{BA88BAE1-4009-434A-BD02-55B132716876}.Debug|Any CPU.Build.0 = Debug|Any CPU
		{BA88BAE1-4009-434A-BD02-55B132716876}.Debug|x64.ActiveCfg = Debug|Any CPU
		{BA88BAE1-4009-434A-BD02-55B132716876}.Debug|x64.Build.0 = Debug|Any CPU
		{BA88BAE1-4009-434A-BD02-55B132716876}.Debug|x86.ActiveCfg = Debug|Any CPU
		{BA88BAE1-4009-434A-BD02-55B132716876}.Debug|x86.Build.0 = Debug|Any CPU
		{BA88BAE1-4009-434A-BD02-55B132716876}.Release|Any CPU.ActiveCfg = Release|Any CPU
		{BA88BAE1-4009-434A-BD02-55B132716876}.Release|Any CPU.Build.0 = Release|Any CPU
		{BA88BAE1-4009-434A-BD02-55B132716876}.Release|x64.ActiveCfg = Release|Any CPU
		{BA88BAE1-4009-434A-BD02-55B132716876}.Release|x64.Build.0 = Release|Any CPU
		{BA88BAE1-4009-434A-BD02-55B132716876}.Release|x86.ActiveCfg = Release|Any CPU
		{BA88BAE1-4009-434A-BD02-55B132716876}.Release|x86.Build.0 = Release|Any CPU
		{4F007A97-3C0D-455B-A74B-342A600E0E2C}.Debug|Any CPU.ActiveCfg = Debug|Any CPU
		{4F007A97-3C0D-455B-A74B-342A600E0E2C}.Debug|Any CPU.Build.0 = Debug|Any CPU
		{4F007A97-3C0D-455B-A74B-342A600E0E2C}.Debug|x64.ActiveCfg = Debug|Any CPU
		{4F007A97-3C0D-455B-A74B-342A600E0E2C}.Debug|x64.Build.0 = Debug|Any CPU
		{4F007A97-3C0D-455B-A74B-342A600E0E2C}.Debug|x86.ActiveCfg = Debug|Any CPU
		{4F007A97-3C0D-455B-A74B-342A600E0E2C}.Debug|x86.Build.0 = Debug|Any CPU
		{4F007A97-3C0D-455B-A74B-342A600E0E2C}.Release|Any CPU.ActiveCfg = Release|Any CPU
		{4F007A97-3C0D-455B-A74B-342A600E0E2C}.Release|Any CPU.Build.0 = Release|Any CPU
		{4F007A97-3C0D-455B-A74B-342A600E0E2C}.Release|x64.ActiveCfg = Release|Any CPU
		{4F007A97-3C0D-455B-A74B-342A600E0E2C}.Release|x64.Build.0 = Release|Any CPU
		{4F007A97-3C0D-455B-A74B-342A600E0E2C}.Release|x86.ActiveCfg = Release|Any CPU
		{4F007A97-3C0D-455B-A74B-342A600E0E2C}.Release|x86.Build.0 = Release|Any CPU
		{C39ECE02-45C2-097D-C105-260565F0661F}.Debug|Any CPU.ActiveCfg = Debug|Any CPU
		{C39ECE02-45C2-097D-C105-260565F0661F}.Debug|Any CPU.Build.0 = Debug|Any CPU
		{C39ECE02-45C2-097D-C105-260565F0661F}.Debug|x64.ActiveCfg = Debug|Any CPU
		{C39ECE02-45C2-097D-C105-260565F0661F}.Debug|x64.Build.0 = Debug|Any CPU
		{C39ECE02-45C2-097D-C105-260565F0661F}.Debug|x86.ActiveCfg = Debug|Any CPU
		{C39ECE02-45C2-097D-C105-260565F0661F}.Debug|x86.Build.0 = Debug|Any CPU
		{C39ECE02-45C2-097D-C105-260565F0661F}.Release|Any CPU.ActiveCfg = Release|Any CPU
		{C39ECE02-45C2-097D-C105-260565F0661F}.Release|Any CPU.Build.0 = Release|Any CPU
		{C39ECE02-45C2-097D-C105-260565F0661F}.Release|x64.ActiveCfg = Release|Any CPU
		{C39ECE02-45C2-097D-C105-260565F0661F}.Release|x64.Build.0 = Release|Any CPU
		{C39ECE02-45C2-097D-C105-260565F0661F}.Release|x86.ActiveCfg = Release|Any CPU
		{C39ECE02-45C2-097D-C105-260565F0661F}.Release|x86.Build.0 = Release|Any CPU
	EndGlobalSection
	GlobalSection(SolutionProperties) = preSolution
		HideSolutionNode = FALSE
	EndGlobalSection
	GlobalSection(NestedProjects) = preSolution
		{8D626EA8-CB54-BC41-363A-217881BEBA6E} = {827E0CD3-B72D-47B6-A68D-7590B98EB39B}
		{FC8563C6-A392-4A23-947F-79E25B0175EB} = {8D626EA8-CB54-BC41-363A-217881BEBA6E}
		{81034408-37C8-1011-444E-4C15C2FADA8E} = {827E0CD3-B72D-47B6-A68D-7590B98EB39B}
		{3324A476-0AE5-498E-8489-2331F6319101} = {81034408-37C8-1011-444E-4C15C2FADA8E}
		{88D7FA4C-11BE-B782-9860-29F7C67ECDA5} = {827E0CD3-B72D-47B6-A68D-7590B98EB39B}
		{89039A78-DF5B-4AB2-B023-0CB9B56FE3F0} = {88D7FA4C-11BE-B782-9860-29F7C67ECDA5}
		{711E6EE6-2ECB-B21E-B728-86211BA52EDE} = {827E0CD3-B72D-47B6-A68D-7590B98EB39B}
		{62178FB7-242B-492A-88E0-138652E0CE85} = {711E6EE6-2ECB-B21E-B728-86211BA52EDE}
		{D3F2662E-07FC-2B44-1F3B-19ABF00FAB83} = {827E0CD3-B72D-47B6-A68D-7590B98EB39B}
		{B904B6AD-8338-4009-8332-A64724F24ED6} = {D3F2662E-07FC-2B44-1F3B-19ABF00FAB83}
		{30E6998C-1D9F-505D-AD65-6F350EB4ECCB} = {827E0CD3-B72D-47B6-A68D-7590B98EB39B}
		{BA88BAE1-4009-434A-BD02-55B132716876} = {30E6998C-1D9F-505D-AD65-6F350EB4ECCB}
		{9048EB7F-3875-A59E-E36B-5BD4C6F2A282} = {827E0CD3-B72D-47B6-A68D-7590B98EB39B}
		{9D556B49-86D1-93A7-9596-FFAAB74EC556} = {0AB3BF05-4346-4AA6-1389-037BE0695223}
		{4F007A97-3C0D-455B-A74B-342A600E0E2C} = {9D556B49-86D1-93A7-9596-FFAAB74EC556}
		{C39ECE02-45C2-097D-C105-260565F0661F} = {9048EB7F-3875-A59E-E36B-5BD4C6F2A282}
	EndGlobalSection
	GlobalSection(ExtensibilityGlobals) = postSolution
		SolutionGuid = {17E8993B-7425-4A32-8951-B9724DFD2172}
	EndGlobalSection
EndGlobal
