
Microsoft Visual Studio Solution File, Format Version 12.00
# Visual Studio Version 17
VisualStudioVersion = 17.13.35931.197
MinimumVisualStudioVersion = 10.0.40219.1
Project("{FAE04EC0-301F-11D3-BF4B-00C04F79EFBC}") = "Lucent.Core", "Lucent.Core\Lucent.Core.csproj", "{7C791A9E-CD51-4E44-A6E7-4AAB9295F4CD}"
EndProject
Project("{FAE04EC0-301F-11D3-BF4B-00C04F79EFBC}") = "Lucent.Auth", "Lucent.Auth\Lucent.Auth.csproj", "{CBB74847-B170-494C-93E6-185193F46AF5}"
EndProject
Project("{FAE04EC0-301F-11D3-BF4B-00C04F79EFBC}") = "Lucent.Client", "Lucent.Client\Lucent.Client.csproj", "{69108854-A017-4058-9444-C29B629F9748}"
EndProject
Project("{FAE04EC0-301F-11D3-BF4B-00C04F79EFBC}") = "Lucent.Loader", "Lucent.Loader\Lucent.Loader.csproj", "{FD43234B-DC2F-41C5-BC25-66714F215A58}"
EndProject
Project("{2150E333-8FDC-42A3-9474-1A3956D46DE8}") = "Solution Items", "Solution Items", "{8EC462FD-D22E-90A8-E5CE-7E832BA40C5D}"
	ProjectSection(SolutionItems) = preProject
		config\appsettings.json = config\appsettings.json
		Directory.Packages.props = Directory.Packages.props
		gitignore = gitignore
		global.json = global.json
	EndProjectSection
EndProject
Project("{FAE04EC0-301F-11D3-BF4B-00C04F79EFBC}") = "Lucent.Onboard", "Lucent.Onboard\Lucent.Onboard.csproj", "{A09F34B7-CCE4-4127-AC3A-8003926B2AA1}"
EndProject
Project("{FAE04EC0-301F-11D3-BF4B-00C04F79EFBC}") = "Playground", "Playground\Playground.csproj", "{E98363C2-35B5-4E5C-865C-69CC59A405A7}"
EndProject
Project("{FAE04EC0-301F-11D3-BF4B-00C04F79EFBC}") = "Lucent.Scheduler", "Lucent.Scheduler\Lucent.Scheduler.csproj", "{0928168B-7930-468C-B7F9-784D795106BC}"
EndProject
Global
	GlobalSection(SolutionConfigurationPlatforms) = preSolution
		Debug|Any CPU = Debug|Any CPU
		Release|Any CPU = Release|Any CPU
	EndGlobalSection
	GlobalSection(ProjectConfigurationPlatforms) = postSolution
		{7C791A9E-CD51-4E44-A6E7-4AAB9295F4CD}.Debug|Any CPU.ActiveCfg = Debug|Any CPU
		{7C791A9E-CD51-4E44-A6E7-4AAB9295F4CD}.Debug|Any CPU.Build.0 = Debug|Any CPU
		{7C791A9E-CD51-4E44-A6E7-4AAB9295F4CD}.Release|Any CPU.ActiveCfg = Release|Any CPU
		{7C791A9E-CD51-4E44-A6E7-4AAB9295F4CD}.Release|Any CPU.Build.0 = Release|Any CPU
		{CBB74847-B170-494C-93E6-185193F46AF5}.Debug|Any CPU.ActiveCfg = Debug|Any CPU
		{CBB74847-B170-494C-93E6-185193F46AF5}.Debug|Any CPU.Build.0 = Debug|Any CPU
		{CBB74847-B170-494C-93E6-185193F46AF5}.Release|Any CPU.ActiveCfg = Release|Any CPU
		{CBB74847-B170-494C-93E6-185193F46AF5}.Release|Any CPU.Build.0 = Release|Any CPU
		{69108854-A017-4058-9444-C29B629F9748}.Debug|Any CPU.ActiveCfg = Debug|Any CPU
		{69108854-A017-4058-9444-C29B629F9748}.Debug|Any CPU.Build.0 = Debug|Any CPU
		{69108854-A017-4058-9444-C29B629F9748}.Release|Any CPU.ActiveCfg = Release|Any CPU
		{69108854-A017-4058-9444-C29B629F9748}.Release|Any CPU.Build.0 = Release|Any CPU
		{FD43234B-DC2F-41C5-BC25-66714F215A58}.Debug|Any CPU.ActiveCfg = Debug|Any CPU
		{FD43234B-DC2F-41C5-BC25-66714F215A58}.Debug|Any CPU.Build.0 = Debug|Any CPU
		{FD43234B-DC2F-41C5-BC25-66714F215A58}.Release|Any CPU.ActiveCfg = Release|Any CPU
		{FD43234B-DC2F-41C5-BC25-66714F215A58}.Release|Any CPU.Build.0 = Release|Any CPU
		{A09F34B7-CCE4-4127-AC3A-8003926B2AA1}.Debug|Any CPU.ActiveCfg = Debug|Any CPU
		{A09F34B7-CCE4-4127-AC3A-8003926B2AA1}.Debug|Any CPU.Build.0 = Debug|Any CPU
		{A09F34B7-CCE4-4127-AC3A-8003926B2AA1}.Release|Any CPU.ActiveCfg = Release|Any CPU
		{A09F34B7-CCE4-4127-AC3A-8003926B2AA1}.Release|Any CPU.Build.0 = Release|Any CPU
		{E98363C2-35B5-4E5C-865C-69CC59A405A7}.Debug|Any CPU.ActiveCfg = Debug|Any CPU
		{E98363C2-35B5-4E5C-865C-69CC59A405A7}.Debug|Any CPU.Build.0 = Debug|Any CPU
		{E98363C2-35B5-4E5C-865C-69CC59A405A7}.Release|Any CPU.ActiveCfg = Release|Any CPU
		{E98363C2-35B5-4E5C-865C-69CC59A405A7}.Release|Any CPU.Build.0 = Release|Any CPU
		{0928168B-7930-468C-B7F9-784D795106BC}.Debug|Any CPU.ActiveCfg = Debug|Any CPU
		{0928168B-7930-468C-B7F9-784D795106BC}.Debug|Any CPU.Build.0 = Debug|Any CPU
		{0928168B-7930-468C-B7F9-784D795106BC}.Release|Any CPU.ActiveCfg = Release|Any CPU
		{0928168B-7930-468C-B7F9-784D795106BC}.Release|Any CPU.Build.0 = Release|Any CPU
	EndGlobalSection
	GlobalSection(SolutionProperties) = preSolution
		HideSolutionNode = FALSE
	EndGlobalSection
	GlobalSection(ExtensibilityGlobals) = postSolution
		SolutionGuid = {61F0BF30-4FA6-452D-947E-513DDA039142}
	EndGlobalSection
EndGlobal
